
Microsoft Visual Studio Solution File, Format Version 12.00
# Visual Studio Version 17
VisualStudioVersion = 17.4.33205.214
MinimumVisualStudioVersion = 10.0.40219.1
Project("{FAE04EC0-301F-11D3-BF4B-00C04F79EFBC}") = "Net7.Delegates", "Net7.Delegates\Net7.Delegates.csproj", "{EC96A23D-2890-4A66-9A98-140637770593}"
EndProject
Project("{FAE04EC0-301F-11D3-BF4B-00C04F79EFBC}") = "Net7.Delegates.Tests", "Net7.Delegates.Tests\Net7.Delegates.Tests.csproj", "{0B1405B2-6830-4C51-9CFE-85BC5BDBEA9D}"
EndProject
Global
	GlobalSection(SolutionConfigurationPlatforms) = preSolution
		Debug|Any CPU = Debug|Any CPU
		Release|Any CPU = Release|Any CPU
	EndGlobalSection
	GlobalSection(ProjectConfigurationPlatforms) = postSolution
		{EC96A23D-2890-4A66-9A98-140637770593}.Debug|Any CPU.ActiveCfg = Debug|Any CPU
		{EC96A23D-2890-4A66-9A98-140637770593}.Debug|Any CPU.Build.0 = Debug|Any CPU
		{EC96A23D-2890-4A66-9A98-140637770593}.Release|Any CPU.ActiveCfg = Release|Any CPU
		{EC96A23D-2890-4A66-9A98-140637770593}.Release|Any CPU.Build.0 = Release|Any CPU
		{0B1405B2-6830-4C51-9CFE-85BC5BDBEA9D}.Debug|Any CPU.ActiveCfg = Debug|Any CPU
		{0B1405B2-6830-4C51-9CFE-85BC5BDBEA9D}.Debug|Any CPU.Build.0 = Debug|Any CPU
		{0B1405B2-6830-4C51-9CFE-85BC5BDBEA9D}.Release|Any CPU.ActiveCfg = Release|Any CPU
		{0B1405B2-6830-4C51-9CFE-85BC5BDBEA9D}.Release|Any CPU.Build.0 = Release|Any CPU
	EndGlobalSection
	GlobalSection(SolutionProperties) = preSolution
		HideSolutionNode = FALSE
	EndGlobalSection
	GlobalSection(ExtensibilityGlobals) = postSolution
		SolutionGuid = {9CFE08F3-D035-4F7B-9697-E73FCBA9811C}
	EndGlobalSection
EndGlobal
